// !$*UTF8*$!
{
	archiveVersion = 1;
	classes = {
	};
	objectVersion = 46;
	objects = {

/* Begin PBXBuildFile section */
		6EB527C91AF97E0200EC0A30 /* main.m in Sources */ = {isa = PBXBuildFile; fileRef = 6EB527C81AF97E0200EC0A30 /* main.m */; };
		6EB527CC1AF97E0200EC0A30 /* AppDelegate.m in Sources */ = {isa = PBXBuildFile; fileRef = 6EB527CB1AF97E0200EC0A30 /* AppDelegate.m */; };
		6EB527CF1AF97E0200EC0A30 /* ViewController.m in Sources */ = {isa = PBXBuildFile; fileRef = 6EB527CE1AF97E0200EC0A30 /* ViewController.m */; };
		6EB527D21AF97E0200EC0A30 /* Main.storyboard in Resources */ = {isa = PBXBuildFile; fileRef = 6EB527D01AF97E0200EC0A30 /* Main.storyboard */; };
		6EB527D41AF97E0200EC0A30 /* Images.xcassets in Resources */ = {isa = PBXBuildFile; fileRef = 6EB527D31AF97E0200EC0A30 /* Images.xcassets */; };
		6EB527D71AF97E0200EC0A30 /* LaunchScreen.xib in Resources */ = {isa = PBXBuildFile; fileRef = 6EB527D51AF97E0200EC0A30 /* LaunchScreen.xib */; };
		6EB527E31AF97E0300EC0A30 /* TouchTrackerTests.m in Sources */ = {isa = PBXBuildFile; fileRef = 6EB527E21AF97E0300EC0A30 /* TouchTrackerTests.m */; };
		6EB527EE1AF97EA100EC0A30 /* BNRLine.m in Sources */ = {isa = PBXBuildFile; fileRef = 6EB527ED1AF97EA100EC0A30 /* BNRLine.m */; };
		6EB527F11AF97FFE00EC0A30 /* BNRDrawView.m in Sources */ = {isa = PBXBuildFile; fileRef = 6EB527F01AF97FFE00EC0A30 /* BNRDrawView.m */; };
		6EB527F41AF9803400EC0A30 /* BNRDrawViewController.m in Sources */ = {isa = PBXBuildFile; fileRef = 6EB527F31AF9803400EC0A30 /* BNRDrawViewController.m */; };
/* End PBXBuildFile section */

/* Begin PBXContainerItemProxy section */
		6EB527DD1AF97E0300EC0A30 /* PBXContainerItemProxy */ = {
			isa = PBXContainerItemProxy;
			containerPortal = 6EB527BB1AF97E0200EC0A30 /* Project object */;
			proxyType = 1;
			remoteGlobalIDString = 6EB527C21AF97E0200EC0A30;
			remoteInfo = TouchTracker;
		};
/* End PBXContainerItemProxy section */

/* Begin PBXFileReference section */
		6EB527C31AF97E0200EC0A30 /* TouchTracker.app */ = {isa = PBXFileReference; explicitFileType = wrapper.application; includeInIndex = 0; path = TouchTracker.app; sourceTree = BUILT_PRODUCTS_DIR; };
		6EB527C71AF97E0200EC0A30 /* Info.plist */ = {isa = PBXFileReference; lastKnownFileType = text.plist.xml; path = Info.plist; sourceTree = "<group>"; };
		6EB527C81AF97E0200EC0A30 /* main.m */ = {isa = PBXFileReference; lastKnownFileType = sourcecode.c.objc; path = main.m; sourceTree = "<group>"; };
		6EB527CA1AF97E0200EC0A30 /* AppDelegate.h */ = {isa = PBXFileReference; lastKnownFileType = sourcecode.c.h; path = AppDelegate.h; sourceTree = "<group>"; };
		6EB527CB1AF97E0200EC0A30 /* AppDelegate.m */ = {isa = PBXFileReference; lastKnownFileType = sourcecode.c.objc; path = AppDelegate.m; sourceTree = "<group>"; };
		6EB527CD1AF97E0200EC0A30 /* ViewController.h */ = {isa = PBXFileReference; lastKnownFileType = sourcecode.c.h; path = ViewController.h; sourceTree = "<group>"; };
		6EB527CE1AF97E0200EC0A30 /* ViewController.m */ = {isa = PBXFileReference; lastKnownFileType = sourcecode.c.objc; path = ViewController.m; sourceTree = "<group>"; };
		6EB527D11AF97E0200EC0A30 /* Base */ = {isa = PBXFileReference; lastKnownFileType = file.storyboard; name = Base; path = Base.lproj/Main.storyboard; sourceTree = "<group>"; };
		6EB527D31AF97E0200EC0A30 /* Images.xcassets */ = {isa = PBXFileReference; lastKnownFileType = folder.assetcatalog; path = Images.xcassets; sourceTree = "<group>"; };
		6EB527D61AF97E0200EC0A30 /* Base */ = {isa = PBXFileReference; lastKnownFileType = file.xib; name = Base; path = Base.lproj/LaunchScreen.xib; sourceTree = "<group>"; };
		6EB527DC1AF97E0300EC0A30 /* TouchTrackerTests.xctest */ = {isa = PBXFileReference; explicitFileType = wrapper.cfbundle; includeInIndex = 0; path = TouchTrackerTests.xctest; sourceTree = BUILT_PRODUCTS_DIR; };
		6EB527E11AF97E0300EC0A30 /* Info.plist */ = {isa = PBXFileReference; lastKnownFileType = text.plist.xml; path = Info.plist; sourceTree = "<group>"; };
		6EB527E21AF97E0300EC0A30 /* TouchTrackerTests.m */ = {isa = PBXFileReference; lastKnownFileType = sourcecode.c.objc; path = TouchTrackerTests.m; sourceTree = "<group>"; };
		6EB527EC1AF97EA100EC0A30 /* BNRLine.h */ = {isa = PBXFileReference; fileEncoding = 4; lastKnownFileType = sourcecode.c.h; name = BNRLine.h; path = ../BNRLine.h; sourceTree = "<group>"; };
		6EB527ED1AF97EA100EC0A30 /* BNRLine.m */ = {isa = PBXFileReference; fileEncoding = 4; lastKnownFileType = sourcecode.c.objc; name = BNRLine.m; path = ../BNRLine.m; sourceTree = "<group>"; };
		6EB527EF1AF97FFE00EC0A30 /* BNRDrawView.h */ = {isa = PBXFileReference; fileEncoding = 4; lastKnownFileType = sourcecode.c.h; path = BNRDrawView.h; sourceTree = "<group>"; };
		6EB527F01AF97FFE00EC0A30 /* BNRDrawView.m */ = {isa = PBXFileReference; fileEncoding = 4; lastKnownFileType = sourcecode.c.objc; path = BNRDrawView.m; sourceTree = "<group>"; };
		6EB527F21AF9803400EC0A30 /* BNRDrawViewController.h */ = {isa = PBXFileReference; fileEncoding = 4; lastKnownFileType = sourcecode.c.h; path = BNRDrawViewController.h; sourceTree = "<group>"; };
		6EB527F31AF9803400EC0A30 /* BNRDrawViewController.m */ = {isa = PBXFileReference; fileEncoding = 4; lastKnownFileType = sourcecode.c.objc; path = BNRDrawViewController.m; sourceTree = "<group>"; };
/* End PBXFileReference section */

/* Begin PBXFrameworksBuildPhase section */
		6EB527C01AF97E0200EC0A30 /* Frameworks */ = {
			isa = PBXFrameworksBuildPhase;
			buildActionMask = 2147483647;
			files = (
			);
			runOnlyForDeploymentPostprocessing = 0;
		};
		6EB527D91AF97E0300EC0A30 /* Frameworks */ = {
			isa = PBXFrameworksBuildPhase;
			buildActionMask = 2147483647;
			files = (
			);
			runOnlyForDeploymentPostprocessing = 0;
		};
/* End PBXFrameworksBuildPhase section */

/* Begin PBXGroup section */
		6EB527BA1AF97E0200EC0A30 = {
			isa = PBXGroup;
			children = (
				6EB527C51AF97E0200EC0A30 /* TouchTracker */,
				6EB527DF1AF97E0300EC0A30 /* TouchTrackerTests */,
				6EB527C41AF97E0200EC0A30 /* Products */,
			);
			sourceTree = "<group>";
		};
		6EB527C41AF97E0200EC0A30 /* Products */ = {
			isa = PBXGroup;
			children = (
				6EB527C31AF97E0200EC0A30 /* TouchTracker.app */,
				6EB527DC1AF97E0300EC0A30 /* TouchTrackerTests.xctest */,
			);
			name = Products;
			sourceTree = "<group>";
		};
		6EB527C51AF97E0200EC0A30 /* TouchTracker */ = {
			isa = PBXGroup;
			children = (
				6EB527EC1AF97EA100EC0A30 /* BNRLine.h */,
				6EB527ED1AF97EA100EC0A30 /* BNRLine.m */,
				6EB527EF1AF97FFE00EC0A30 /* BNRDrawView.h */,
				6EB527F01AF97FFE00EC0A30 /* BNRDrawView.m */,
				6EB527F21AF9803400EC0A30 /* BNRDrawViewController.h */,
				6EB527F31AF9803400EC0A30 /* BNRDrawViewController.m */,
				6EB527CA1AF97E0200EC0A30 /* AppDelegate.h */,
				6EB527CB1AF97E0200EC0A30 /* AppDelegate.m */,
				6EB527CD1AF97E0200EC0A30 /* ViewController.h */,
				6EB527CE1AF97E0200EC0A30 /* ViewController.m */,
				6EB527D01AF97E0200EC0A30 /* Main.storyboard */,
				6EB527D31AF97E0200EC0A30 /* Images.xcassets */,
				6EB527D51AF97E0200EC0A30 /* LaunchScreen.xib */,
				6EB527C61AF97E0200EC0A30 /* Supporting Files */,
			);
			path = TouchTracker;
			sourceTree = "<group>";
		};
		6EB527C61AF97E0200EC0A30 /* Supporting Files */ = {
			isa = PBXGroup;
			children = (
				6EB527C71AF97E0200EC0A30 /* Info.plist */,
				6EB527C81AF97E0200EC0A30 /* main.m */,
			);
			name = "Supporting Files";
			sourceTree = "<group>";
		};
		6EB527DF1AF97E0300EC0A30 /* TouchTrackerTests */ = {
			isa = PBXGroup;
			children = (
				6EB527E21AF97E0300EC0A30 /* TouchTrackerTests.m */,
				6EB527E01AF97E0300EC0A30 /* Supporting Files */,
			);
			path = TouchTrackerTests;
			sourceTree = "<group>";
		};
		6EB527E01AF97E0300EC0A30 /* Supporting Files */ = {
			isa = PBXGroup;
			children = (
				6EB527E11AF97E0300EC0A30 /* Info.plist */,
			);
			name = "Supporting Files";
			sourceTree = "<group>";
		};
/* End PBXGroup section */

/* Begin PBXNativeTarget section */
		6EB527C21AF97E0200EC0A30 /* TouchTracker */ = {
			isa = PBXNativeTarget;
			buildConfigurationList = 6EB527E61AF97E0300EC0A30 /* Build configuration list for PBXNativeTarget "TouchTracker" */;
			buildPhases = (
				6EB527BF1AF97E0200EC0A30 /* Sources */,
				6EB527C01AF97E0200EC0A30 /* Frameworks */,
				6EB527C11AF97E0200EC0A30 /* Resources */,
			);
			buildRules = (
			);
			dependencies = (
			);
			name = TouchTracker;
			productName = TouchTracker;
			productReference = 6EB527C31AF97E0200EC0A30 /* TouchTracker.app */;
			productType = "com.apple.product-type.application";
		};
		6EB527DB1AF97E0300EC0A30 /* TouchTrackerTests */ = {
			isa = PBXNativeTarget;
			buildConfigurationList = 6EB527E91AF97E0300EC0A30 /* Build configuration list for PBXNativeTarget "TouchTrackerTests" */;
			buildPhases = (
				6EB527D81AF97E0300EC0A30 /* Sources */,
				6EB527D91AF97E0300EC0A30 /* Frameworks */,
				6EB527DA1AF97E0300EC0A30 /* Resources */,
			);
			buildRules = (
			);
			dependencies = (
				6EB527DE1AF97E0300EC0A30 /* PBXTargetDependency */,
			);
			name = TouchTrackerTests;
			productName = TouchTrackerTests;
			productReference = 6EB527DC1AF97E0300EC0A30 /* TouchTrackerTests.xctest */;
			productType = "com.apple.product-type.bundle.unit-test";
		};
/* End PBXNativeTarget section */

/* Begin PBXProject section */
		6EB527BB1AF97E0200EC0A30 /* Project object */ = {
			isa = PBXProject;
			attributes = {
				LastUpgradeCheck = 0630;
				ORGANIZATIONNAME = "Ray Lin";
				TargetAttributes = {
					6EB527C21AF97E0200EC0A30 = {
						CreatedOnToolsVersion = 6.3.1;
					};
					6EB527DB1AF97E0300EC0A30 = {
						CreatedOnToolsVersion = 6.3.1;
						TestTargetID = 6EB527C21AF97E0200EC0A30;
					};
				};
			};
			buildConfigurationList = 6EB527BE1AF97E0200EC0A30 /* Build configuration list for PBXProject "TouchTracker" */;
			compatibilityVersion = "Xcode 3.2";
			developmentRegion = English;
			hasScannedForEncodings = 0;
			knownRegions = (
				en,
				Base,
			);
			mainGroup = 6EB527BA1AF97E0200EC0A30;
			productRefGroup = 6EB527C41AF97E0200EC0A30 /* Products */;
			projectDirPath = "";
			projectRoot = "";
			targets = (
				6EB527C21AF97E0200EC0A30 /* TouchTracker */,
				6EB527DB1AF97E0300EC0A30 /* TouchTrackerTests */,
			);
		};
/* End PBXProject section */

/* Begin PBXResourcesBuildPhase section */
		6EB527C11AF97E0200EC0A30 /* Resources */ = {
			isa = PBXResourcesBuildPhase;
			buildActionMask = 2147483647;
			files = (
				6EB527D21AF97E0200EC0A30 /* Main.storyboard in Resources */,
				6EB527D71AF97E0200EC0A30 /* LaunchScreen.xib in Resources */,
				6EB527D41AF97E0200EC0A30 /* Images.xcassets in Resources */,
			);
			runOnlyForDeploymentPostprocessing = 0;
		};
		6EB527DA1AF97E0300EC0A30 /* Resources */ = {
			isa = PBXResourcesBuildPhase;
			buildActionMask = 2147483647;
			files = (
			);
			runOnlyForDeploymentPostprocessing = 0;
		};
/* End PBXResourcesBuildPhase section */

/* Begin PBXSourcesBuildPhase section */
		6EB527BF1AF97E0200EC0A30 /* Sources */ = {
			isa = PBXSourcesBuildPhase;
			buildActionMask = 2147483647;
			files = (
				6EB527F11AF97FFE00EC0A30 /* BNRDrawView.m in Sources */,
				6EB527F41AF9803400EC0A30 /* BNRDrawViewController.m in Sources */,
				6EB527CF1AF97E0200EC0A30 /* ViewController.m in Sources */,
				6EB527CC1AF97E0200EC0A30 /* AppDelegate.m in Sources */,
				6EB527EE1AF97EA100EC0A30 /* BNRLine.m in Sources */,
				6EB527C91AF97E0200EC0A30 /* main.m in Sources */,
			);
			runOnlyForDeploymentPostprocessing = 0;
		};
		6EB527D81AF97E0300EC0A30 /* Sources */ = {
			isa = PBXSourcesBuildPhase;
			buildActionMask = 2147483647;
			files = (
				6EB527E31AF97E0300EC0A30 /* TouchTrackerTests.m in Sources */,
			);
			runOnlyForDeploymentPostprocessing = 0;
		};
/* End PBXSourcesBuildPhase section */

/* Begin PBXTargetDependency section */
		6EB527DE1AF97E0300EC0A30 /* PBXTargetDependency */ = {
			isa = PBXTargetDependency;
			target = 6EB527C21AF97E0200EC0A30 /* TouchTracker */;
			targetProxy = 6EB527DD1AF97E0300EC0A30 /* PBXContainerItemProxy */;
		};
/* End PBXTargetDependency section */

/* Begin PBXVariantGroup section */
		6EB527D01AF97E0200EC0A30 /* Main.storyboard */ = {
			isa = PBXVariantGroup;
			children = (
				6EB527D11AF97E0200EC0A30 /* Base */,
			);
			name = Main.storyboard;
			sourceTree = "<group>";
		};
		6EB527D51AF97E0200EC0A30 /* LaunchScreen.xib */ = {
			isa = PBXVariantGroup;
			children = (
				6EB527D61AF97E0200EC0A30 /* Base */,
			);
			name = LaunchScreen.xib;
			sourceTree = "<group>";
		};
/* End PBXVariantGroup section */

/* Begin XCBuildConfiguration section */
		6EB527E41AF97E0300EC0A30 /* Debug */ = {
			isa = XCBuildConfiguration;
			buildSettings = {
				ALWAYS_SEARCH_USER_PATHS = NO;
				CLANG_CXX_LANGUAGE_STANDARD = "gnu++0x";
				CLANG_CXX_LIBRARY = "libc++";
				CLANG_ENABLE_MODULES = YES;
				CLANG_ENABLE_OBJC_ARC = YES;
				CLANG_WARN_BOOL_CONVERSION = YES;
				CLANG_WARN_CONSTANT_CONVERSION = YES;
				CLANG_WARN_DIRECT_OBJC_ISA_USAGE = YES_ERROR;
				CLANG_WARN_EMPTY_BODY = YES;
				CLANG_WARN_ENUM_CONVERSION = YES;
				CLANG_WARN_INT_CONVERSION = YES;
				CLANG_WARN_OBJC_ROOT_CLASS = YES_ERROR;
				CLANG_WARN_UNREACHABLE_CODE = YES;
				CLANG_WARN__DUPLICATE_METHOD_MATCH = YES;
				"CODE_SIGN_IDENTITY[sdk=iphoneos*]" = "iPhone Developer";
				COPY_PHASE_STRIP = NO;
				DEBUG_INFORMATION_FORMAT = "dwarf-with-dsym";
				ENABLE_STRICT_OBJC_MSGSEND = YES;
				GCC_C_LANGUAGE_STANDARD = gnu99;
				GCC_DYNAMIC_NO_PIC = NO;
				GCC_NO_COMMON_BLOCKS = YES;
				GCC_OPTIMIZATION_LEVEL = 0;
				GCC_PREPROCESSOR_DEFINITIONS = (
					"DEBUG=1",
					"$(inherited)",
				);
				GCC_SYMBOLS_PRIVATE_EXTERN = NO;
				GCC_WARN_64_TO_32_BIT_CONVERSION = YES;
				GCC_WARN_ABOUT_RETURN_TYPE = YES_ERROR;
				GCC_WARN_UNDECLARED_SELECTOR = YES;
				GCC_WARN_UNINITIALIZED_AUTOS = YES_AGGRESSIVE;
				GCC_WARN_UNUSED_FUNCTION = YES;
				GCC_WARN_UNUSED_VARIABLE = YES;
				IPHONEOS_DEPLOYMENT_TARGET = 8.3;
				MTL_ENABLE_DEBUG_INFO = YES;
				ONLY_ACTIVE_ARCH = YES;
				SDKROOT = iphoneos;
			};
			name = Debug;
		};
		6EB527E51AF97E0300EC0A30 /* Release */ = {
			isa = XCBuildConfiguration;
			buildSettings = {
				ALWAYS_SEARCH_USER_PATHS = NO;
				CLANG_CXX_LANGUAGE_STANDARD = "gnu++0x";
				CLANG_CXX_LIBRARY = "libc++";
				CLANG_ENABLE_MODULES = YES;
				CLANG_ENABLE_OBJC_ARC = YES;
				CLANG_WARN_BOOL_CONVERSION = YES;
				CLANG_WARN_CONSTANT_CONVERSION = YES;
				CLANG_WARN_DIRECT_OBJC_ISA_USAGE = YES_ERROR;
				CLANG_WARN_EMPTY_BODY = YES;
				CLANG_WARN_ENUM_CONVERSION = YES;
				CLANG_WARN_INT_CONVERSION = YES;
				CLANG_WARN_OBJC_ROOT_CLASS = YES_ERROR;
				CLANG_WARN_UNREACHABLE_CODE = YES;
				CLANG_WARN__DUPLICATE_METHOD_MATCH = YES;
				"CODE_SIGN_IDENTITY[sdk=iphoneos*]" = "iPhone Developer";
				COPY_PHASE_STRIP = NO;
				DEBUG_INFORMATION_FORMAT = "dwarf-with-dsym";
				ENABLE_NS_ASSERTIONS = NO;
				ENABLE_STRICT_OBJC_MSGSEND = YES;
				GCC_C_LANGUAGE_STANDARD = gnu99;
				GCC_NO_COMMON_BLOCKS = YES;
				GCC_WARN_64_TO_32_BIT_CONVERSION = YES;
				GCC_WARN_ABOUT_RETURN_TYPE = YES_ERROR;
				GCC_WARN_UNDECLARED_SELECTOR = YES;
				GCC_WARN_UNINITIALIZED_AUTOS = YES_AGGRESSIVE;
				GCC_WARN_UNUSED_FUNCTION = YES;
				GCC_WARN_UNUSED_VARIABLE = YES;
				IPHONEOS_DEPLOYMENT_TARGET = 8.3;
				MTL_ENABLE_DEBUG_INFO = NO;
				SDKROOT = iphoneos;
				VALIDATE_PRODUCT = YES;
			};
			name = Release;
		};
		6EB527E71AF97E0300EC0A30 /* Debug */ = {
			isa = XCBuildConfiguration;
			buildSettings = {
				ASSETCATALOG_COMPILER_APPICON_NAME = AppIcon;
				INFOPLIST_FILE = TouchTracker/Info.plist;
				LD_RUNPATH_SEARCH_PATHS = "$(inherited) @executable_path/Frameworks";
				PRODUCT_NAME = "$(TARGET_NAME)";
				RUN_CLANG_STATIC_ANALYZER = YES;
			};
			name = Debug;
		};
		6EB527E81AF97E0300EC0A30 /* Release */ = {
			isa = XCBuildConfiguration;
			buildSettings = {
				ASSETCATALOG_COMPILER_APPICON_NAME = AppIcon;
				INFOPLIST_FILE = TouchTracker/Info.plist;
				LD_RUNPATH_SEARCH_PATHS = "$(inherited) @executable_path/Frameworks";
				PRODUCT_NAME = "$(TARGET_NAME)";
				RUN_CLANG_STATIC_ANALYZER = YES;
			};
			name = Release;
		};
		6EB527EA1AF97E0300EC0A30 /* Debug */ = {
			isa = XCBuildConfiguration;
			buildSettings = {
				BUNDLE_LOADER = "$(TEST_HOST)";
				FRAMEWORK_SEARCH_PATHS = (
					"$(SDKROOT)/Developer/Library/Frameworks",
					"$(inherited)",
				);
				GCC_PREPROCESSOR_DEFINITIONS = (
					"DEBUG=1",
					"$(inherited)",
				);
				INFOPLIST_FILE = TouchTrackerTests/Info.plist;
				LD_RUNPATH_SEARCH_PATHS = "$(inherited) @executable_path/Frameworks @loader_path/Frameworks";
				PRODUCT_NAME = "$(TARGET_NAME)";
				TEST_HOST = "$(BUILT_PRODUCTS_DIR)/TouchTracker.app/TouchTracker";
			};
			name = Debug;
		};
		6EB527EB1AF97E0300EC0A30 /* Release */ = {
			isa = XCBuildConfiguration;
			buildSettings = {
				BUNDLE_LOADER = "$(TEST_HOST)";
				FRAMEWORK_SEARCH_PATHS = (
					"$(SDKROOT)/Developer/Library/Frameworks",
					"$(inherited)",
				);
				INFOPLIST_FILE = TouchTrackerTests/Info.plist;
				LD_RUNPATH_SEARCH_PATHS = "$(inherited) @executable_path/Frameworks @loader_path/Frameworks";
				PRODUCT_NAME = "$(TARGET_NAME)";
				TEST_HOST = "$(BUILT_PRODUCTS_DIR)/TouchTracker.app/TouchTracker";
			};
			name = Release;
		};
/* End XCBuildConfiguration section */

/* Begin XCConfigurationList section */
		6EB527BE1AF97E0200EC0A30 /* Build configuration list for PBXProject "TouchTracker" */ = {
			isa = XCConfigurationList;
			buildConfigurations = (
				6EB527E41AF97E0300EC0A30 /* Debug */,
				6EB527E51AF97E0300EC0A30 /* Release */,
			);
			defaultConfigurationIsVisible = 0;
			defaultConfigurationName = Release;
		};
		6EB527E61AF97E0300EC0A30 /* Build configuration list for PBXNativeTarget "TouchTracker" */ = {
			isa = XCConfigurationList;
			buildConfigurations = (
				6EB527E71AF97E0300EC0A30 /* Debug */,
				6EB527E81AF97E0300EC0A30 /* Release */,
			);
			defaultConfigurationIsVisible = 0;
			defaultConfigurationName = Release;
		};
		6EB527E91AF97E0300EC0A30 /* Build configuration list for PBXNativeTarget "TouchTrackerTests" */ = {
			isa = XCConfigurationList;
			buildConfigurations = (
				6EB527EA1AF97E0300EC0A30 /* Debug */,
				6EB527EB1AF97E0300EC0A30 /* Release */,
			);
			defaultConfigurationIsVisible = 0;
			defaultConfigurationName = Release;
		};
/* End XCConfigurationList section */
	};
	rootObject = 6EB527BB1AF97E0200EC0A30 /* Project object */;
}
