// !$*UTF8*$!
{
	archiveVersion = 1;
	classes = {
	};
	objectVersion = 46;
	objects = {

/* Begin PBXGroup section */
		716879D51AF5D2CD00BB262D = {
			isa = PBXGroup;
			children = (
			);
			sourceTree = "<group>";
		};
/* End PBXGroup section */

/* Begin PBXProject section */
		716879D61AF5D2CD00BB262D /* Project object */ = {
			isa = PBXProject;
			attributes = {
				LastUpgradeCheck = 0630;
			};
			buildConfigurationList = 716879D91AF5D2CD00BB262D /* Build configuration list for PBXProject "Hypnotiser" */;
			compatibilityVersion = "Xcode 3.2";
			developmentRegion = English;
			hasScannedForEncodings = 0;
			knownRegions = (
				en,
			);
			mainGroup = 716879D51AF5D2CD00BB262D;
			projectDirPath = "";
			projectRoot = "";
			targets = (
			);
		};
/* End PBXProject section */

/* Begin XCBuildConfiguration section */
		716879DA1AF5D2CD00BB262D /* Debug */ = {
			isa = XCBuildConfiguration;
			buildSettings = {
			};
			name = Debug;
		};
		716879DB1AF5D2CD00BB262D /* Release */ = {
			isa = XCBuildConfiguration;
			buildSettings = {
			};
			name = Release;
		};
/* End XCBuildConfiguration section */

/* Begin XCConfigurationList section */
		716879D91AF5D2CD00BB262D /* Build configuration list for PBXProject "Hypnotiser" */ = {
			isa = XCConfigurationList;
			buildConfigurations = (
				716879DA1AF5D2CD00BB262D /* Debug */,
				716879DB1AF5D2CD00BB262D /* Release */,
			);
			defaultConfigurationIsVisible = 0;
			defaultConfigurationName = Release;
		};
/* End XCConfigurationList section */
	};
	rootObject = 716879D61AF5D2CD00BB262D /* Project object */;
}
