// !$*UTF8*$!
{
	archiveVersion = 1;
	classes = {
	};
	objectVersion = 46;
	objects = {

/* Begin PBXBuildFile section */
		6EB527B51AF9370300EC0A30 /* BNRDateChangeViewController.m in Sources */ = {isa = PBXBuildFile; fileRef = 6EB527B31AF9370300EC0A30 /* BNRDateChangeViewController.m */; };
		6EB527B61AF9370300EC0A30 /* BNRDateChangeViewController.xib in Resources */ = {isa = PBXBuildFile; fileRef = 6EB527B41AF9370300EC0A30 /* BNRDateChangeViewController.xib */; };
		6EB527B91AF950C300EC0A30 /* BNRImageStore.m in Sources */ = {isa = PBXBuildFile; fileRef = 6EB527B81AF950C300EC0A30 /* BNRImageStore.m */; };
		7128E2CD1AF7C615001D1414 /* BNRItemsTableView.m in Sources */ = {isa = PBXBuildFile; fileRef = 7128E2CC1AF7C615001D1414 /* BNRItemsTableView.m */; };
		7128E2D01AF7C838001D1414 /* BNRItem.m in Sources */ = {isa = PBXBuildFile; fileRef = 7128E2CF1AF7C838001D1414 /* BNRItem.m */; };
		7128E2D31AF7CBE7001D1414 /* BNRItemsStore.m in Sources */ = {isa = PBXBuildFile; fileRef = 7128E2D21AF7CBE7001D1414 /* BNRItemsStore.m */; };
		7151A4F51AF8847500CA9079 /* BNRDetailViewController.m in Sources */ = {isa = PBXBuildFile; fileRef = 7151A4F31AF8847500CA9079 /* BNRDetailViewController.m */; };
		7151A4F61AF8847500CA9079 /* BNRDetailViewController.xib in Resources */ = {isa = PBXBuildFile; fileRef = 7151A4F41AF8847500CA9079 /* BNRDetailViewController.xib */; };
		71E546531AF7347D008CE941 /* main.m in Sources */ = {isa = PBXBuildFile; fileRef = 71E546521AF7347D008CE941 /* main.m */; };
		71E546561AF7347D008CE941 /* AppDelegate.m in Sources */ = {isa = PBXBuildFile; fileRef = 71E546551AF7347D008CE941 /* AppDelegate.m */; };
		71E546591AF7347D008CE941 /* ViewController.m in Sources */ = {isa = PBXBuildFile; fileRef = 71E546581AF7347D008CE941 /* ViewController.m */; };
		71E5465C1AF7347E008CE941 /* Main.storyboard in Resources */ = {isa = PBXBuildFile; fileRef = 71E5465A1AF7347E008CE941 /* Main.storyboard */; };
		71E5465E1AF7347E008CE941 /* Images.xcassets in Resources */ = {isa = PBXBuildFile; fileRef = 71E5465D1AF7347E008CE941 /* Images.xcassets */; };
		71E546611AF7347E008CE941 /* LaunchScreen.xib in Resources */ = {isa = PBXBuildFile; fileRef = 71E5465F1AF7347E008CE941 /* LaunchScreen.xib */; };
		71E5466D1AF7347E008CE941 /* HomepwnerTests.m in Sources */ = {isa = PBXBuildFile; fileRef = 71E5466C1AF7347E008CE941 /* HomepwnerTests.m */; };
/* End PBXBuildFile section */

/* Begin PBXContainerItemProxy section */
		71E546671AF7347E008CE941 /* PBXContainerItemProxy */ = {
			isa = PBXContainerItemProxy;
			containerPortal = 71E546451AF7347D008CE941 /* Project object */;
			proxyType = 1;
			remoteGlobalIDString = 71E5464C1AF7347D008CE941;
			remoteInfo = Homepwner;
		};
/* End PBXContainerItemProxy section */

/* Begin PBXFileReference section */
		6EB527B21AF9370300EC0A30 /* BNRDateChangeViewController.h */ = {isa = PBXFileReference; fileEncoding = 4; lastKnownFileType = sourcecode.c.h; path = BNRDateChangeViewController.h; sourceTree = "<group>"; };
		6EB527B31AF9370300EC0A30 /* BNRDateChangeViewController.m */ = {isa = PBXFileReference; fileEncoding = 4; lastKnownFileType = sourcecode.c.objc; path = BNRDateChangeViewController.m; sourceTree = "<group>"; };
		6EB527B41AF9370300EC0A30 /* BNRDateChangeViewController.xib */ = {isa = PBXFileReference; fileEncoding = 4; lastKnownFileType = file.xib; path = BNRDateChangeViewController.xib; sourceTree = "<group>"; };
		6EB527B71AF950C300EC0A30 /* BNRImageStore.h */ = {isa = PBXFileReference; fileEncoding = 4; lastKnownFileType = sourcecode.c.h; path = BNRImageStore.h; sourceTree = "<group>"; };
		6EB527B81AF950C300EC0A30 /* BNRImageStore.m */ = {isa = PBXFileReference; fileEncoding = 4; lastKnownFileType = sourcecode.c.objc; path = BNRImageStore.m; sourceTree = "<group>"; };
		7128E2CB1AF7C615001D1414 /* BNRItemsTableView.h */ = {isa = PBXFileReference; fileEncoding = 4; lastKnownFileType = sourcecode.c.h; name = BNRItemsTableView.h; path = ../BNRItemsTableView.h; sourceTree = "<group>"; };
		7128E2CC1AF7C615001D1414 /* BNRItemsTableView.m */ = {isa = PBXFileReference; fileEncoding = 4; lastKnownFileType = sourcecode.c.objc; name = BNRItemsTableView.m; path = ../BNRItemsTableView.m; sourceTree = "<group>"; };
		7128E2CE1AF7C838001D1414 /* BNRItem.h */ = {isa = PBXFileReference; fileEncoding = 4; lastKnownFileType = sourcecode.c.h; path = BNRItem.h; sourceTree = "<group>"; };
		7128E2CF1AF7C838001D1414 /* BNRItem.m */ = {isa = PBXFileReference; fileEncoding = 4; lastKnownFileType = sourcecode.c.objc; path = BNRItem.m; sourceTree = "<group>"; };
		7128E2D11AF7CBE7001D1414 /* BNRItemsStore.h */ = {isa = PBXFileReference; fileEncoding = 4; lastKnownFileType = sourcecode.c.h; path = BNRItemsStore.h; sourceTree = "<group>"; };
		7128E2D21AF7CBE7001D1414 /* BNRItemsStore.m */ = {isa = PBXFileReference; fileEncoding = 4; lastKnownFileType = sourcecode.c.objc; path = BNRItemsStore.m; sourceTree = "<group>"; };
		7151A4F21AF8847500CA9079 /* BNRDetailViewController.h */ = {isa = PBXFileReference; fileEncoding = 4; lastKnownFileType = sourcecode.c.h; name = BNRDetailViewController.h; path = ../BNRDetailViewController.h; sourceTree = "<group>"; };
		7151A4F31AF8847500CA9079 /* BNRDetailViewController.m */ = {isa = PBXFileReference; fileEncoding = 4; lastKnownFileType = sourcecode.c.objc; name = BNRDetailViewController.m; path = ../BNRDetailViewController.m; sourceTree = "<group>"; };
		7151A4F41AF8847500CA9079 /* BNRDetailViewController.xib */ = {isa = PBXFileReference; fileEncoding = 4; lastKnownFileType = file.xib; name = BNRDetailViewController.xib; path = ../BNRDetailViewController.xib; sourceTree = "<group>"; };
		71E5464D1AF7347D008CE941 /* Homepwner.app */ = {isa = PBXFileReference; explicitFileType = wrapper.application; includeInIndex = 0; path = Homepwner.app; sourceTree = BUILT_PRODUCTS_DIR; };
		71E546511AF7347D008CE941 /* Info.plist */ = {isa = PBXFileReference; lastKnownFileType = text.plist.xml; path = Info.plist; sourceTree = "<group>"; };
		71E546521AF7347D008CE941 /* main.m */ = {isa = PBXFileReference; lastKnownFileType = sourcecode.c.objc; path = main.m; sourceTree = "<group>"; };
		71E546541AF7347D008CE941 /* AppDelegate.h */ = {isa = PBXFileReference; lastKnownFileType = sourcecode.c.h; path = AppDelegate.h; sourceTree = "<group>"; };
		71E546551AF7347D008CE941 /* AppDelegate.m */ = {isa = PBXFileReference; lastKnownFileType = sourcecode.c.objc; path = AppDelegate.m; sourceTree = "<group>"; };
		71E546571AF7347D008CE941 /* ViewController.h */ = {isa = PBXFileReference; lastKnownFileType = sourcecode.c.h; path = ViewController.h; sourceTree = "<group>"; };
		71E546581AF7347D008CE941 /* ViewController.m */ = {isa = PBXFileReference; lastKnownFileType = sourcecode.c.objc; path = ViewController.m; sourceTree = "<group>"; };
		71E5465B1AF7347E008CE941 /* Base */ = {isa = PBXFileReference; lastKnownFileType = file.storyboard; name = Base; path = Base.lproj/Main.storyboard; sourceTree = "<group>"; };
		71E5465D1AF7347E008CE941 /* Images.xcassets */ = {isa = PBXFileReference; lastKnownFileType = folder.assetcatalog; path = Images.xcassets; sourceTree = "<group>"; };
		71E546601AF7347E008CE941 /* Base */ = {isa = PBXFileReference; lastKnownFileType = file.xib; name = Base; path = Base.lproj/LaunchScreen.xib; sourceTree = "<group>"; };
		71E546661AF7347E008CE941 /* HomepwnerTests.xctest */ = {isa = PBXFileReference; explicitFileType = wrapper.cfbundle; includeInIndex = 0; path = HomepwnerTests.xctest; sourceTree = BUILT_PRODUCTS_DIR; };
		71E5466B1AF7347E008CE941 /* Info.plist */ = {isa = PBXFileReference; lastKnownFileType = text.plist.xml; path = Info.plist; sourceTree = "<group>"; };
		71E5466C1AF7347E008CE941 /* HomepwnerTests.m */ = {isa = PBXFileReference; lastKnownFileType = sourcecode.c.objc; path = HomepwnerTests.m; sourceTree = "<group>"; };
/* End PBXFileReference section */

/* Begin PBXFrameworksBuildPhase section */
		71E5464A1AF7347D008CE941 /* Frameworks */ = {
			isa = PBXFrameworksBuildPhase;
			buildActionMask = 2147483647;
			files = (
			);
			runOnlyForDeploymentPostprocessing = 0;
		};
		71E546631AF7347E008CE941 /* Frameworks */ = {
			isa = PBXFrameworksBuildPhase;
			buildActionMask = 2147483647;
			files = (
			);
			runOnlyForDeploymentPostprocessing = 0;
		};
/* End PBXFrameworksBuildPhase section */

/* Begin PBXGroup section */
		71E546441AF7347D008CE941 = {
			isa = PBXGroup;
			children = (
				71E5464F1AF7347D008CE941 /* Homepwner */,
				71E546691AF7347E008CE941 /* HomepwnerTests */,
				71E5464E1AF7347D008CE941 /* Products */,
			);
			sourceTree = "<group>";
		};
		71E5464E1AF7347D008CE941 /* Products */ = {
			isa = PBXGroup;
			children = (
				71E5464D1AF7347D008CE941 /* Homepwner.app */,
				71E546661AF7347E008CE941 /* HomepwnerTests.xctest */,
			);
			name = Products;
			sourceTree = "<group>";
		};
		71E5464F1AF7347D008CE941 /* Homepwner */ = {
			isa = PBXGroup;
			children = (
				7151A4F21AF8847500CA9079 /* BNRDetailViewController.h */,
				7151A4F31AF8847500CA9079 /* BNRDetailViewController.m */,
				7151A4F41AF8847500CA9079 /* BNRDetailViewController.xib */,
				6EB527B71AF950C300EC0A30 /* BNRImageStore.h */,
				6EB527B81AF950C300EC0A30 /* BNRImageStore.m */,
				6EB527B21AF9370300EC0A30 /* BNRDateChangeViewController.h */,
				6EB527B31AF9370300EC0A30 /* BNRDateChangeViewController.m */,
				6EB527B41AF9370300EC0A30 /* BNRDateChangeViewController.xib */,
				7128E2CE1AF7C838001D1414 /* BNRItem.h */,
				7128E2CF1AF7C838001D1414 /* BNRItem.m */,
				7128E2CB1AF7C615001D1414 /* BNRItemsTableView.h */,
				7128E2CC1AF7C615001D1414 /* BNRItemsTableView.m */,
				71E546541AF7347D008CE941 /* AppDelegate.h */,
				71E546551AF7347D008CE941 /* AppDelegate.m */,
				7128E2D11AF7CBE7001D1414 /* BNRItemsStore.h */,
				7128E2D21AF7CBE7001D1414 /* BNRItemsStore.m */,
				71E546571AF7347D008CE941 /* ViewController.h */,
				71E546581AF7347D008CE941 /* ViewController.m */,
				71E5465A1AF7347E008CE941 /* Main.storyboard */,
				71E5465D1AF7347E008CE941 /* Images.xcassets */,
				71E5465F1AF7347E008CE941 /* LaunchScreen.xib */,
				71E546501AF7347D008CE941 /* Supporting Files */,
			);
			path = Homepwner;
			sourceTree = "<group>";
		};
		71E546501AF7347D008CE941 /* Supporting Files */ = {
			isa = PBXGroup;
			children = (
				71E546511AF7347D008CE941 /* Info.plist */,
				71E546521AF7347D008CE941 /* main.m */,
			);
			name = "Supporting Files";
			sourceTree = "<group>";
		};
		71E546691AF7347E008CE941 /* HomepwnerTests */ = {
			isa = PBXGroup;
			children = (
				71E5466C1AF7347E008CE941 /* HomepwnerTests.m */,
				71E5466A1AF7347E008CE941 /* Supporting Files */,
			);
			path = HomepwnerTests;
			sourceTree = "<group>";
		};
		71E5466A1AF7347E008CE941 /* Supporting Files */ = {
			isa = PBXGroup;
			children = (
				71E5466B1AF7347E008CE941 /* Info.plist */,
			);
			name = "Supporting Files";
			sourceTree = "<group>";
		};
/* End PBXGroup section */

/* Begin PBXNativeTarget section */
		71E5464C1AF7347D008CE941 /* Homepwner */ = {
			isa = PBXNativeTarget;
			buildConfigurationList = 71E546701AF7347E008CE941 /* Build configuration list for PBXNativeTarget "Homepwner" */;
			buildPhases = (
				71E546491AF7347D008CE941 /* Sources */,
				71E5464A1AF7347D008CE941 /* Frameworks */,
				71E5464B1AF7347D008CE941 /* Resources */,
			);
			buildRules = (
			);
			dependencies = (
			);
			name = Homepwner;
			productName = Homepwner;
			productReference = 71E5464D1AF7347D008CE941 /* Homepwner.app */;
			productType = "com.apple.product-type.application";
		};
		71E546651AF7347E008CE941 /* HomepwnerTests */ = {
			isa = PBXNativeTarget;
			buildConfigurationList = 71E546731AF7347E008CE941 /* Build configuration list for PBXNativeTarget "HomepwnerTests" */;
			buildPhases = (
				71E546621AF7347E008CE941 /* Sources */,
				71E546631AF7347E008CE941 /* Frameworks */,
				71E546641AF7347E008CE941 /* Resources */,
			);
			buildRules = (
			);
			dependencies = (
				71E546681AF7347E008CE941 /* PBXTargetDependency */,
			);
			name = HomepwnerTests;
			productName = HomepwnerTests;
			productReference = 71E546661AF7347E008CE941 /* HomepwnerTests.xctest */;
			productType = "com.apple.product-type.bundle.unit-test";
		};
/* End PBXNativeTarget section */

/* Begin PBXProject section */
		71E546451AF7347D008CE941 /* Project object */ = {
			isa = PBXProject;
			attributes = {
				LastUpgradeCheck = 0630;
				ORGANIZATIONNAME = BananaFoundation;
				TargetAttributes = {
					71E5464C1AF7347D008CE941 = {
						CreatedOnToolsVersion = 6.3;
					};
					71E546651AF7347E008CE941 = {
						CreatedOnToolsVersion = 6.3;
						TestTargetID = 71E5464C1AF7347D008CE941;
					};
				};
			};
			buildConfigurationList = 71E546481AF7347D008CE941 /* Build configuration list for PBXProject "Homepwner" */;
			compatibilityVersion = "Xcode 3.2";
			developmentRegion = English;
			hasScannedForEncodings = 0;
			knownRegions = (
				en,
				Base,
			);
			mainGroup = 71E546441AF7347D008CE941;
			productRefGroup = 71E5464E1AF7347D008CE941 /* Products */;
			projectDirPath = "";
			projectRoot = "";
			targets = (
				71E5464C1AF7347D008CE941 /* Homepwner */,
				71E546651AF7347E008CE941 /* HomepwnerTests */,
			);
		};
/* End PBXProject section */

/* Begin PBXResourcesBuildPhase section */
		71E5464B1AF7347D008CE941 /* Resources */ = {
			isa = PBXResourcesBuildPhase;
			buildActionMask = 2147483647;
			files = (
				6EB527B61AF9370300EC0A30 /* BNRDateChangeViewController.xib in Resources */,
				71E5465C1AF7347E008CE941 /* Main.storyboard in Resources */,
				71E546611AF7347E008CE941 /* LaunchScreen.xib in Resources */,
				71E5465E1AF7347E008CE941 /* Images.xcassets in Resources */,
				7151A4F61AF8847500CA9079 /* BNRDetailViewController.xib in Resources */,
			);
			runOnlyForDeploymentPostprocessing = 0;
		};
		71E546641AF7347E008CE941 /* Resources */ = {
			isa = PBXResourcesBuildPhase;
			buildActionMask = 2147483647;
			files = (
			);
			runOnlyForDeploymentPostprocessing = 0;
		};
/* End PBXResourcesBuildPhase section */

/* Begin PBXSourcesBuildPhase section */
		71E546491AF7347D008CE941 /* Sources */ = {
			isa = PBXSourcesBuildPhase;
			buildActionMask = 2147483647;
			files = (
				71E546591AF7347D008CE941 /* ViewController.m in Sources */,
				7128E2CD1AF7C615001D1414 /* BNRItemsTableView.m in Sources */,
				6EB527B91AF950C300EC0A30 /* BNRImageStore.m in Sources */,
				7128E2D01AF7C838001D1414 /* BNRItem.m in Sources */,
				7151A4F51AF8847500CA9079 /* BNRDetailViewController.m in Sources */,
				71E546561AF7347D008CE941 /* AppDelegate.m in Sources */,
				6EB527B51AF9370300EC0A30 /* BNRDateChangeViewController.m in Sources */,
				71E546531AF7347D008CE941 /* main.m in Sources */,
				7128E2D31AF7CBE7001D1414 /* BNRItemsStore.m in Sources */,
			);
			runOnlyForDeploymentPostprocessing = 0;
		};
		71E546621AF7347E008CE941 /* Sources */ = {
			isa = PBXSourcesBuildPhase;
			buildActionMask = 2147483647;
			files = (
				71E5466D1AF7347E008CE941 /* HomepwnerTests.m in Sources */,
			);
			runOnlyForDeploymentPostprocessing = 0;
		};
/* End PBXSourcesBuildPhase section */

/* Begin PBXTargetDependency section */
		71E546681AF7347E008CE941 /* PBXTargetDependency */ = {
			isa = PBXTargetDependency;
			target = 71E5464C1AF7347D008CE941 /* Homepwner */;
			targetProxy = 71E546671AF7347E008CE941 /* PBXContainerItemProxy */;
		};
/* End PBXTargetDependency section */

/* Begin PBXVariantGroup section */
		71E5465A1AF7347E008CE941 /* Main.storyboard */ = {
			isa = PBXVariantGroup;
			children = (
				71E5465B1AF7347E008CE941 /* Base */,
			);
			name = Main.storyboard;
			sourceTree = "<group>";
		};
		71E5465F1AF7347E008CE941 /* LaunchScreen.xib */ = {
			isa = PBXVariantGroup;
			children = (
				71E546601AF7347E008CE941 /* Base */,
			);
			name = LaunchScreen.xib;
			sourceTree = "<group>";
		};
/* End PBXVariantGroup section */

/* Begin XCBuildConfiguration section */
		71E5466E1AF7347E008CE941 /* Debug */ = {
			isa = XCBuildConfiguration;
			buildSettings = {
				ALWAYS_SEARCH_USER_PATHS = NO;
				CLANG_CXX_LANGUAGE_STANDARD = "gnu++0x";
				CLANG_CXX_LIBRARY = "libc++";
				CLANG_ENABLE_MODULES = YES;
				CLANG_ENABLE_OBJC_ARC = YES;
				CLANG_WARN_BOOL_CONVERSION = YES;
				CLANG_WARN_CONSTANT_CONVERSION = YES;
				CLANG_WARN_DIRECT_OBJC_ISA_USAGE = YES_ERROR;
				CLANG_WARN_EMPTY_BODY = YES;
				CLANG_WARN_ENUM_CONVERSION = YES;
				CLANG_WARN_INT_CONVERSION = YES;
				CLANG_WARN_OBJC_ROOT_CLASS = YES_ERROR;
				CLANG_WARN_UNREACHABLE_CODE = YES;
				CLANG_WARN__DUPLICATE_METHOD_MATCH = YES;
				"CODE_SIGN_IDENTITY[sdk=iphoneos*]" = "iPhone Developer";
				COPY_PHASE_STRIP = NO;
				DEBUG_INFORMATION_FORMAT = "dwarf-with-dsym";
				ENABLE_STRICT_OBJC_MSGSEND = YES;
				GCC_C_LANGUAGE_STANDARD = gnu99;
				GCC_DYNAMIC_NO_PIC = NO;
				GCC_NO_COMMON_BLOCKS = YES;
				GCC_OPTIMIZATION_LEVEL = 0;
				GCC_PREPROCESSOR_DEFINITIONS = (
					"DEBUG=1",
					"$(inherited)",
				);
				GCC_SYMBOLS_PRIVATE_EXTERN = NO;
				GCC_WARN_64_TO_32_BIT_CONVERSION = YES;
				GCC_WARN_ABOUT_RETURN_TYPE = YES_ERROR;
				GCC_WARN_UNDECLARED_SELECTOR = YES;
				GCC_WARN_UNINITIALIZED_AUTOS = YES_AGGRESSIVE;
				GCC_WARN_UNUSED_FUNCTION = YES;
				GCC_WARN_UNUSED_VARIABLE = YES;
				IPHONEOS_DEPLOYMENT_TARGET = 8.3;
				MTL_ENABLE_DEBUG_INFO = YES;
				ONLY_ACTIVE_ARCH = YES;
				SDKROOT = iphoneos;
			};
			name = Debug;
		};
		71E5466F1AF7347E008CE941 /* Release */ = {
			isa = XCBuildConfiguration;
			buildSettings = {
				ALWAYS_SEARCH_USER_PATHS = NO;
				CLANG_CXX_LANGUAGE_STANDARD = "gnu++0x";
				CLANG_CXX_LIBRARY = "libc++";
				CLANG_ENABLE_MODULES = YES;
				CLANG_ENABLE_OBJC_ARC = YES;
				CLANG_WARN_BOOL_CONVERSION = YES;
				CLANG_WARN_CONSTANT_CONVERSION = YES;
				CLANG_WARN_DIRECT_OBJC_ISA_USAGE = YES_ERROR;
				CLANG_WARN_EMPTY_BODY = YES;
				CLANG_WARN_ENUM_CONVERSION = YES;
				CLANG_WARN_INT_CONVERSION = YES;
				CLANG_WARN_OBJC_ROOT_CLASS = YES_ERROR;
				CLANG_WARN_UNREACHABLE_CODE = YES;
				CLANG_WARN__DUPLICATE_METHOD_MATCH = YES;
				"CODE_SIGN_IDENTITY[sdk=iphoneos*]" = "iPhone Developer";
				COPY_PHASE_STRIP = NO;
				DEBUG_INFORMATION_FORMAT = "dwarf-with-dsym";
				ENABLE_NS_ASSERTIONS = NO;
				ENABLE_STRICT_OBJC_MSGSEND = YES;
				GCC_C_LANGUAGE_STANDARD = gnu99;
				GCC_NO_COMMON_BLOCKS = YES;
				GCC_WARN_64_TO_32_BIT_CONVERSION = YES;
				GCC_WARN_ABOUT_RETURN_TYPE = YES_ERROR;
				GCC_WARN_UNDECLARED_SELECTOR = YES;
				GCC_WARN_UNINITIALIZED_AUTOS = YES_AGGRESSIVE;
				GCC_WARN_UNUSED_FUNCTION = YES;
				GCC_WARN_UNUSED_VARIABLE = YES;
				IPHONEOS_DEPLOYMENT_TARGET = 8.3;
				MTL_ENABLE_DEBUG_INFO = NO;
				SDKROOT = iphoneos;
				VALIDATE_PRODUCT = YES;
			};
			name = Release;
		};
		71E546711AF7347E008CE941 /* Debug */ = {
			isa = XCBuildConfiguration;
			buildSettings = {
				ASSETCATALOG_COMPILER_APPICON_NAME = AppIcon;
				INFOPLIST_FILE = Homepwner/Info.plist;
				LD_RUNPATH_SEARCH_PATHS = "$(inherited) @executable_path/Frameworks";
				PRODUCT_NAME = "$(TARGET_NAME)";
				TARGETED_DEVICE_FAMILY = "1,2";
			};
			name = Debug;
		};
		71E546721AF7347E008CE941 /* Release */ = {
			isa = XCBuildConfiguration;
			buildSettings = {
				ASSETCATALOG_COMPILER_APPICON_NAME = AppIcon;
				INFOPLIST_FILE = Homepwner/Info.plist;
				LD_RUNPATH_SEARCH_PATHS = "$(inherited) @executable_path/Frameworks";
				PRODUCT_NAME = "$(TARGET_NAME)";
				TARGETED_DEVICE_FAMILY = "1,2";
			};
			name = Release;
		};
		71E546741AF7347E008CE941 /* Debug */ = {
			isa = XCBuildConfiguration;
			buildSettings = {
				BUNDLE_LOADER = "$(TEST_HOST)";
				FRAMEWORK_SEARCH_PATHS = (
					"$(SDKROOT)/Developer/Library/Frameworks",
					"$(inherited)",
				);
				GCC_PREPROCESSOR_DEFINITIONS = (
					"DEBUG=1",
					"$(inherited)",
				);
				INFOPLIST_FILE = HomepwnerTests/Info.plist;
				LD_RUNPATH_SEARCH_PATHS = "$(inherited) @executable_path/Frameworks @loader_path/Frameworks";
				PRODUCT_NAME = "$(TARGET_NAME)";
				TEST_HOST = "$(BUILT_PRODUCTS_DIR)/Homepwner.app/Homepwner";
			};
			name = Debug;
		};
		71E546751AF7347E008CE941 /* Release */ = {
			isa = XCBuildConfiguration;
			buildSettings = {
				BUNDLE_LOADER = "$(TEST_HOST)";
				FRAMEWORK_SEARCH_PATHS = (
					"$(SDKROOT)/Developer/Library/Frameworks",
					"$(inherited)",
				);
				INFOPLIST_FILE = HomepwnerTests/Info.plist;
				LD_RUNPATH_SEARCH_PATHS = "$(inherited) @executable_path/Frameworks @loader_path/Frameworks";
				PRODUCT_NAME = "$(TARGET_NAME)";
				TEST_HOST = "$(BUILT_PRODUCTS_DIR)/Homepwner.app/Homepwner";
			};
			name = Release;
		};
/* End XCBuildConfiguration section */

/* Begin XCConfigurationList section */
		71E546481AF7347D008CE941 /* Build configuration list for PBXProject "Homepwner" */ = {
			isa = XCConfigurationList;
			buildConfigurations = (
				71E5466E1AF7347E008CE941 /* Debug */,
				71E5466F1AF7347E008CE941 /* Release */,
			);
			defaultConfigurationIsVisible = 0;
			defaultConfigurationName = Release;
		};
		71E546701AF7347E008CE941 /* Build configuration list for PBXNativeTarget "Homepwner" */ = {
			isa = XCConfigurationList;
			buildConfigurations = (
				71E546711AF7347E008CE941 /* Debug */,
				71E546721AF7347E008CE941 /* Release */,
			);
			defaultConfigurationIsVisible = 0;
			defaultConfigurationName = Release;
		};
		71E546731AF7347E008CE941 /* Build configuration list for PBXNativeTarget "HomepwnerTests" */ = {
			isa = XCConfigurationList;
			buildConfigurations = (
				71E546741AF7347E008CE941 /* Debug */,
				71E546751AF7347E008CE941 /* Release */,
			);
			defaultConfigurationIsVisible = 0;
			defaultConfigurationName = Release;
		};
/* End XCConfigurationList section */
	};
	rootObject = 71E546451AF7347D008CE941 /* Project object */;
}
